// !$*UTF8*$!
{
	archiveVersion = 1;
	classes = {
	};
	objectVersion = 46;
	objects = {

/* Begin PBXBuildFile section */
		30186B4D1C9166F90012F6F8 /* LoadingAlert.m in Sources */ = {isa = PBXBuildFile; fileRef = 30186B4C1C9166F90012F6F8 /* LoadingAlert.m */; };
		305177051C871E4B00E18AD3 /* MainViewController.m in Sources */ = {isa = PBXBuildFile; fileRef = 305177041C871E4B00E18AD3 /* MainViewController.m */; };
		3070F9351C86F243006ADA4E /* main.m in Sources */ = {isa = PBXBuildFile; fileRef = 3070F9341C86F243006ADA4E /* main.m */; };
		3070F9381C86F243006ADA4E /* AppDelegate.m in Sources */ = {isa = PBXBuildFile; fileRef = 3070F9371C86F243006ADA4E /* AppDelegate.m */; };
		3070F93B1C86F243006ADA4E /* ViewController.m in Sources */ = {isa = PBXBuildFile; fileRef = 3070F93A1C86F243006ADA4E /* ViewController.m */; };
		3070F93E1C86F243006ADA4E /* Main.storyboard in Resources */ = {isa = PBXBuildFile; fileRef = 3070F93C1C86F243006ADA4E /* Main.storyboard */; };
		3070F9401C86F243006ADA4E /* Assets.xcassets in Resources */ = {isa = PBXBuildFile; fileRef = 3070F93F1C86F243006ADA4E /* Assets.xcassets */; };
		3070F9431C86F243006ADA4E /* LaunchScreen.storyboard in Resources */ = {isa = PBXBuildFile; fileRef = 3070F9411C86F243006ADA4E /* LaunchScreen.storyboard */; };
		3070F94D1C86FC19006ADA4E /* HttpUtil.m in Sources */ = {isa = PBXBuildFile; fileRef = 3070F94C1C86FC19006ADA4E /* HttpUtil.m */; };
		309E72421C871EDF0078CC79 /* RegistViewController.m in Sources */ = {isa = PBXBuildFile; fileRef = 309E72411C871EDF0078CC79 /* RegistViewController.m */; };
/* End PBXBuildFile section */

/* Begin PBXFileReference section */
		30186B4B1C9166F90012F6F8 /* LoadingAlert.h */ = {isa = PBXFileReference; fileEncoding = 4; lastKnownFileType = sourcecode.c.h; path = LoadingAlert.h; sourceTree = "<group>"; };
		30186B4C1C9166F90012F6F8 /* LoadingAlert.m */ = {isa = PBXFileReference; fileEncoding = 4; lastKnownFileType = sourcecode.c.objc; path = LoadingAlert.m; sourceTree = "<group>"; };
		305177031C871E4B00E18AD3 /* MainViewController.h */ = {isa = PBXFileReference; fileEncoding = 4; lastKnownFileType = sourcecode.c.h; path = MainViewController.h; sourceTree = "<group>"; };
		305177041C871E4B00E18AD3 /* MainViewController.m */ = {isa = PBXFileReference; fileEncoding = 4; lastKnownFileType = sourcecode.c.objc; path = MainViewController.m; sourceTree = "<group>"; };
		3070F9301C86F243006ADA4E /* TestIOS.app */ = {isa = PBXFileReference; explicitFileType = wrapper.application; includeInIndex = 0; path = TestIOS.app; sourceTree = BUILT_PRODUCTS_DIR; };
		3070F9341C86F243006ADA4E /* main.m */ = {isa = PBXFileReference; lastKnownFileType = sourcecode.c.objc; path = main.m; sourceTree = "<group>"; };
		3070F9361C86F243006ADA4E /* AppDelegate.h */ = {isa = PBXFileReference; lastKnownFileType = sourcecode.c.h; path = AppDelegate.h; sourceTree = "<group>"; };
		3070F9371C86F243006ADA4E /* AppDelegate.m */ = {isa = PBXFileReference; lastKnownFileType = sourcecode.c.objc; path = AppDelegate.m; sourceTree = "<group>"; };
		3070F9391C86F243006ADA4E /* ViewController.h */ = {isa = PBXFileReference; lastKnownFileType = sourcecode.c.h; path = ViewController.h; sourceTree = "<group>"; };
		3070F93A1C86F243006ADA4E /* ViewController.m */ = {isa = PBXFileReference; lastKnownFileType = sourcecode.c.objc; path = ViewController.m; sourceTree = "<group>"; };
		3070F93D1C86F243006ADA4E /* Base */ = {isa = PBXFileReference; lastKnownFileType = file.storyboard; name = Base; path = Base.lproj/Main.storyboard; sourceTree = "<group>"; };
		3070F93F1C86F243006ADA4E /* Assets.xcassets */ = {isa = PBXFileReference; lastKnownFileType = folder.assetcatalog; path = Assets.xcassets; sourceTree = "<group>"; };
		3070F9421C86F243006ADA4E /* Base */ = {isa = PBXFileReference; lastKnownFileType = file.storyboard; name = Base; path = Base.lproj/LaunchScreen.storyboard; sourceTree = "<group>"; };
		3070F9441C86F243006ADA4E /* Info.plist */ = {isa = PBXFileReference; lastKnownFileType = text.plist.xml; path = Info.plist; sourceTree = "<group>"; };
		3070F94B1C86FC19006ADA4E /* HttpUtil.h */ = {isa = PBXFileReference; fileEncoding = 4; lastKnownFileType = sourcecode.c.h; path = HttpUtil.h; sourceTree = "<group>"; };
		3070F94C1C86FC19006ADA4E /* HttpUtil.m */ = {isa = PBXFileReference; fileEncoding = 4; lastKnownFileType = sourcecode.c.objc; path = HttpUtil.m; sourceTree = "<group>"; };
		309E72401C871EDF0078CC79 /* RegistViewController.h */ = {isa = PBXFileReference; fileEncoding = 4; lastKnownFileType = sourcecode.c.h; path = RegistViewController.h; sourceTree = "<group>"; };
		309E72411C871EDF0078CC79 /* RegistViewController.m */ = {isa = PBXFileReference; fileEncoding = 4; lastKnownFileType = sourcecode.c.objc; path = RegistViewController.m; sourceTree = "<group>"; };
/* End PBXFileReference section */

/* Begin PBXFrameworksBuildPhase section */
		3070F92D1C86F243006ADA4E /* Frameworks */ = {
			isa = PBXFrameworksBuildPhase;
			buildActionMask = 2147483647;
			files = (
			);
			runOnlyForDeploymentPostprocessing = 0;
		};
/* End PBXFrameworksBuildPhase section */

/* Begin PBXGroup section */
		30186B471C9158150012F6F8 /* View */ = {
			isa = PBXGroup;
			children = (
				30186B4B1C9166F90012F6F8 /* LoadingAlert.h */,
				30186B4C1C9166F90012F6F8 /* LoadingAlert.m */,
			);
			name = View;
			sourceTree = "<group>";
		};
		3070F9271C86F243006ADA4E = {
			isa = PBXGroup;
			children = (
				3070F9321C86F243006ADA4E /* TestIOS */,
				3070F9311C86F243006ADA4E /* Products */,
			);
			sourceTree = "<group>";
		};
		3070F9311C86F243006ADA4E /* Products */ = {
			isa = PBXGroup;
			children = (
				3070F9301C86F243006ADA4E /* TestIOS.app */,
			);
			name = Products;
			sourceTree = "<group>";
		};
		3070F9321C86F243006ADA4E /* TestIOS */ = {
			isa = PBXGroup;
			children = (
				30186B471C9158150012F6F8 /* View */,
				3070F94A1C86FC05006ADA4E /* Utils */,
				3070F9361C86F243006ADA4E /* AppDelegate.h */,
				3070F9371C86F243006ADA4E /* AppDelegate.m */,
				3070F9391C86F243006ADA4E /* ViewController.h */,
				3070F93A1C86F243006ADA4E /* ViewController.m */,
				309E72401C871EDF0078CC79 /* RegistViewController.h */,
				309E72411C871EDF0078CC79 /* RegistViewController.m */,
				305177031C871E4B00E18AD3 /* MainViewController.h */,
				305177041C871E4B00E18AD3 /* MainViewController.m */,
				3070F93C1C86F243006ADA4E /* Main.storyboard */,
				3070F93F1C86F243006ADA4E /* Assets.xcassets */,
				3070F9411C86F243006ADA4E /* LaunchScreen.storyboard */,
				3070F9441C86F243006ADA4E /* Info.plist */,
				3070F9331C86F243006ADA4E /* Supporting Files */,
			);
			path = TestIOS;
			sourceTree = "<group>";
		};
		3070F9331C86F243006ADA4E /* Supporting Files */ = {
			isa = PBXGroup;
			children = (
				3070F9341C86F243006ADA4E /* main.m */,
			);
			name = "Supporting Files";
			sourceTree = "<group>";
		};
		3070F94A1C86FC05006ADA4E /* Utils */ = {
			isa = PBXGroup;
			children = (
				3070F94B1C86FC19006ADA4E /* HttpUtil.h */,
				3070F94C1C86FC19006ADA4E /* HttpUtil.m */,
			);
			name = Utils;
			sourceTree = "<group>";
		};
/* End PBXGroup section */

/* Begin PBXNativeTarget section */
		3070F92F1C86F243006ADA4E /* TestIOS */ = {
			isa = PBXNativeTarget;
			buildConfigurationList = 3070F9471C86F243006ADA4E /* Build configuration list for PBXNativeTarget "TestIOS" */;
			buildPhases = (
				3070F92C1C86F243006ADA4E /* Sources */,
				3070F92D1C86F243006ADA4E /* Frameworks */,
				3070F92E1C86F243006ADA4E /* Resources */,
			);
			buildRules = (
			);
			dependencies = (
			);
			name = TestIOS;
			productName = TestIOS;
			productReference = 3070F9301C86F243006ADA4E /* TestIOS.app */;
			productType = "com.apple.product-type.application";
		};
/* End PBXNativeTarget section */

/* Begin PBXProject section */
		3070F9281C86F243006ADA4E /* Project object */ = {
			isa = PBXProject;
			attributes = {
				LastUpgradeCheck = 0720;
				ORGANIZATIONNAME = "歐陽";
				TargetAttributes = {
					3070F92F1C86F243006ADA4E = {
						CreatedOnToolsVersion = 7.2.1;
						DevelopmentTeam = 3T5G63BDBC;
					};
				};
			};
			buildConfigurationList = 3070F92B1C86F243006ADA4E /* Build configuration list for PBXProject "TestIOS" */;
			compatibilityVersion = "Xcode 3.2";
			developmentRegion = English;
			hasScannedForEncodings = 0;
			knownRegions = (
				en,
				Base,
			);
			mainGroup = 3070F9271C86F243006ADA4E;
			productRefGroup = 3070F9311C86F243006ADA4E /* Products */;
			projectDirPath = "";
			projectRoot = "";
			targets = (
				3070F92F1C86F243006ADA4E /* TestIOS */,
			);
		};
/* End PBXProject section */

/* Begin PBXResourcesBuildPhase section */
		3070F92E1C86F243006ADA4E /* Resources */ = {
			isa = PBXResourcesBuildPhase;
			buildActionMask = 2147483647;
			files = (
				3070F9431C86F243006ADA4E /* LaunchScreen.storyboard in Resources */,
				3070F9401C86F243006ADA4E /* Assets.xcassets in Resources */,
				3070F93E1C86F243006ADA4E /* Main.storyboard in Resources */,
			);
			runOnlyForDeploymentPostprocessing = 0;
		};
/* End PBXResourcesBuildPhase section */

/* Begin PBXSourcesBuildPhase section */
		3070F92C1C86F243006ADA4E /* Sources */ = {
			isa = PBXSourcesBuildPhase;
			buildActionMask = 2147483647;
			files = (
				3070F93B1C86F243006ADA4E /* ViewController.m in Sources */,
				309E72421C871EDF0078CC79 /* RegistViewController.m in Sources */,
				305177051C871E4B00E18AD3 /* MainViewController.m in Sources */,
				3070F9381C86F243006ADA4E /* AppDelegate.m in Sources */,
				30186B4D1C9166F90012F6F8 /* LoadingAlert.m in Sources */,
				3070F9351C86F243006ADA4E /* main.m in Sources */,
				3070F94D1C86FC19006ADA4E /* HttpUtil.m in Sources */,
			);
			runOnlyForDeploymentPostprocessing = 0;
		};
/* End PBXSourcesBuildPhase section */

/* Begin PBXVariantGroup section */
		3070F93C1C86F243006ADA4E /* Main.storyboard */ = {
			isa = PBXVariantGroup;
			children = (
				3070F93D1C86F243006ADA4E /* Base */,
			);
			name = Main.storyboard;
			sourceTree = "<group>";
		};
		3070F9411C86F243006ADA4E /* LaunchScreen.storyboard */ = {
			isa = PBXVariantGroup;
			children = (
				3070F9421C86F243006ADA4E /* Base */,
			);
			name = LaunchScreen.storyboard;
			sourceTree = "<group>";
		};
/* End PBXVariantGroup section */

/* Begin XCBuildConfiguration section */
		3070F9451C86F243006ADA4E /* Debug */ = {
			isa = XCBuildConfiguration;
			buildSettings = {
				ALWAYS_SEARCH_USER_PATHS = NO;
				CLANG_CXX_LANGUAGE_STANDARD = "gnu++0x";
				CLANG_CXX_LIBRARY = "libc++";
				CLANG_ENABLE_MODULES = YES;
				CLANG_ENABLE_OBJC_ARC = YES;
				CLANG_WARN_BOOL_CONVERSION = YES;
				CLANG_WARN_CONSTANT_CONVERSION = YES;
				CLANG_WARN_DIRECT_OBJC_ISA_USAGE = YES_ERROR;
				CLANG_WARN_EMPTY_BODY = YES;
				CLANG_WARN_ENUM_CONVERSION = YES;
				CLANG_WARN_INT_CONVERSION = YES;
				CLANG_WARN_OBJC_ROOT_CLASS = YES_ERROR;
				CLANG_WARN_UNREACHABLE_CODE = YES;
				CLANG_WARN__DUPLICATE_METHOD_MATCH = YES;
				"CODE_SIGN_IDENTITY[sdk=iphoneos*]" = "iPhone Developer";
				COPY_PHASE_STRIP = NO;
				DEBUG_INFORMATION_FORMAT = dwarf;
				ENABLE_STRICT_OBJC_MSGSEND = YES;
				ENABLE_TESTABILITY = YES;
				GCC_C_LANGUAGE_STANDARD = gnu99;
				GCC_DYNAMIC_NO_PIC = NO;
				GCC_NO_COMMON_BLOCKS = YES;
				GCC_OPTIMIZATION_LEVEL = 0;
				GCC_PREPROCESSOR_DEFINITIONS = (
					"DEBUG=1",
					"$(inherited)",
				);
				GCC_WARN_64_TO_32_BIT_CONVERSION = YES;
				GCC_WARN_ABOUT_RETURN_TYPE = YES_ERROR;
				GCC_WARN_UNDECLARED_SELECTOR = YES;
				GCC_WARN_UNINITIALIZED_AUTOS = YES_AGGRESSIVE;
				GCC_WARN_UNUSED_FUNCTION = YES;
				GCC_WARN_UNUSED_VARIABLE = YES;
				IPHONEOS_DEPLOYMENT_TARGET = 9.2;
				MTL_ENABLE_DEBUG_INFO = YES;
				ONLY_ACTIVE_ARCH = YES;
				SDKROOT = iphoneos;
			};
			name = Debug;
		};
		3070F9461C86F243006ADA4E /* Release */ = {
			isa = XCBuildConfiguration;
			buildSettings = {
				ALWAYS_SEARCH_USER_PATHS = NO;
				CLANG_CXX_LANGUAGE_STANDARD = "gnu++0x";
				CLANG_CXX_LIBRARY = "libc++";
				CLANG_ENABLE_MODULES = YES;
				CLANG_ENABLE_OBJC_ARC = YES;
				CLANG_WARN_BOOL_CONVERSION = YES;
				CLANG_WARN_CONSTANT_CONVERSION = YES;
				CLANG_WARN_DIRECT_OBJC_ISA_USAGE = YES_ERROR;
				CLANG_WARN_EMPTY_BODY = YES;
				CLANG_WARN_ENUM_CONVERSION = YES;
				CLANG_WARN_INT_CONVERSION = YES;
				CLANG_WARN_OBJC_ROOT_CLASS = YES_ERROR;
				CLANG_WARN_UNREACHABLE_CODE = YES;
				CLANG_WARN__DUPLICATE_METHOD_MATCH = YES;
				"CODE_SIGN_IDENTITY[sdk=iphoneos*]" = "iPhone Developer";
				COPY_PHASE_STRIP = NO;
				DEBUG_INFORMATION_FORMAT = "dwarf-with-dsym";
				ENABLE_NS_ASSERTIONS = NO;
				ENABLE_STRICT_OBJC_MSGSEND = YES;
				GCC_C_LANGUAGE_STANDARD = gnu99;
				GCC_NO_COMMON_BLOCKS = YES;
				GCC_WARN_64_TO_32_BIT_CONVERSION = YES;
				GCC_WARN_ABOUT_RETURN_TYPE = YES_ERROR;
				GCC_WARN_UNDECLARED_SELECTOR = YES;
				GCC_WARN_UNINITIALIZED_AUTOS = YES_AGGRESSIVE;
				GCC_WARN_UNUSED_FUNCTION = YES;
				GCC_WARN_UNUSED_VARIABLE = YES;
				IPHONEOS_DEPLOYMENT_TARGET = 9.2;
				MTL_ENABLE_DEBUG_INFO = NO;
				SDKROOT = iphoneos;
				VALIDATE_PRODUCT = YES;
			};
			name = Release;
		};
		3070F9481C86F243006ADA4E /* Debug */ = {
			isa = XCBuildConfiguration;
			buildSettings = {
				ASSETCATALOG_COMPILER_APPICON_NAME = AppIcon;
				CODE_SIGN_IDENTITY = "iPhone Developer";
				"CODE_SIGN_IDENTITY[sdk=iphoneos*]" = "iPhone Developer";
				INFOPLIST_FILE = TestIOS/Info.plist;
				LD_RUNPATH_SEARCH_PATHS = "$(inherited) @executable_path/Frameworks";
				PRODUCT_BUNDLE_IDENTIFIER = org.test.TestIOS;
				PRODUCT_NAME = "$(TARGET_NAME)";
				PROVISIONING_PROFILE = "";
				TARGETED_DEVICE_FAMILY = 1;
			};
			name = Debug;
		};
		3070F9491C86F243006ADA4E /* Release */ = {
			isa = XCBuildConfiguration;
			buildSettings = {
				ASSETCATALOG_COMPILER_APPICON_NAME = AppIcon;
				CODE_SIGN_IDENTITY = "iPhone Developer";
				"CODE_SIGN_IDENTITY[sdk=iphoneos*]" = "iPhone Developer";
				INFOPLIST_FILE = TestIOS/Info.plist;
				LD_RUNPATH_SEARCH_PATHS = "$(inherited) @executable_path/Frameworks";
				PRODUCT_BUNDLE_IDENTIFIER = org.test.TestIOS;
				PRODUCT_NAME = "$(TARGET_NAME)";
				PROVISIONING_PROFILE = "";
				TARGETED_DEVICE_FAMILY = 1;
			};
			name = Release;
		};
/* End XCBuildConfiguration section */

/* Begin XCConfigurationList section */
		3070F92B1C86F243006ADA4E /* Build configuration list for PBXProject "TestIOS" */ = {
			isa = XCConfigurationList;
			buildConfigurations = (
				3070F9451C86F243006ADA4E /* Debug */,
				3070F9461C86F243006ADA4E /* Release */,
			);
			defaultConfigurationIsVisible = 0;
			defaultConfigurationName = Release;
		};
		3070F9471C86F243006ADA4E /* Build configuration list for PBXNativeTarget "TestIOS" */ = {
			isa = XCConfigurationList;
			buildConfigurations = (
				3070F9481C86F243006ADA4E /* Debug */,
				3070F9491C86F243006ADA4E /* Release */,
			);
			defaultConfigurationIsVisible = 0;
			defaultConfigurationName = Release;
		};
/* End XCConfigurationList section */
	};
	rootObject = 3070F9281C86F243006ADA4E /* Project object */;
}
