// !$*UTF8*$!
{
	archiveVersion = 1;
	classes = {
	};
	objectVersion = 46;
	objects = {

/* Begin PBXBuildFile section */
		30EDC2351CA2AEA400CFEB5B /* main.m in Sources */ = {isa = PBXBuildFile; fileRef = 30EDC2341CA2AEA400CFEB5B /* main.m */; };
		30EDC2381CA2AEA400CFEB5B /* AppDelegate.m in Sources */ = {isa = PBXBuildFile; fileRef = 30EDC2371CA2AEA400CFEB5B /* AppDelegate.m */; };
		30EDC2411CA2AEA400CFEB5B /* MedicationClock.xcdatamodeld in Sources */ = {isa = PBXBuildFile; fileRef = 30EDC23F1CA2AEA400CFEB5B /* MedicationClock.xcdatamodeld */; };
		30EDC2431CA2AEA400CFEB5B /* Assets.xcassets in Resources */ = {isa = PBXBuildFile; fileRef = 30EDC2421CA2AEA400CFEB5B /* Assets.xcassets */; };
		30EDC2461CA2AEA400CFEB5B /* LaunchScreen.storyboard in Resources */ = {isa = PBXBuildFile; fileRef = 30EDC2441CA2AEA400CFEB5B /* LaunchScreen.storyboard */; };
		30EDC2521CA2AF9000CFEB5B /* LoginViewController.m in Sources */ = {isa = PBXBuildFile; fileRef = 30EDC2501CA2AF9000CFEB5B /* LoginViewController.m */; };
		30EDC2531CA2AF9000CFEB5B /* LoginViewController.xib in Resources */ = {isa = PBXBuildFile; fileRef = 30EDC2511CA2AF9000CFEB5B /* LoginViewController.xib */; };
		30EDC2571CA2AFF400CFEB5B /* BaseViewController.m in Sources */ = {isa = PBXBuildFile; fileRef = 30EDC2561CA2AFF400CFEB5B /* BaseViewController.m */; };
		30EDC25E1CA2B41200CFEB5B /* MainViewController.m in Sources */ = {isa = PBXBuildFile; fileRef = 30EDC25C1CA2B41200CFEB5B /* MainViewController.m */; };
		30EDC25F1CA2B41200CFEB5B /* MainViewController.xib in Resources */ = {isa = PBXBuildFile; fileRef = 30EDC25D1CA2B41200CFEB5B /* MainViewController.xib */; };
		30EDC2631CA2B42800CFEB5B /* RegistViewController.m in Sources */ = {isa = PBXBuildFile; fileRef = 30EDC2611CA2B42800CFEB5B /* RegistViewController.m */; };
		30EDC2641CA2B42800CFEB5B /* RegistViewController.xib in Resources */ = {isa = PBXBuildFile; fileRef = 30EDC2621CA2B42800CFEB5B /* RegistViewController.xib */; };
		30EDC2681CA2B50500CFEB5B /* HttpUtil.m in Sources */ = {isa = PBXBuildFile; fileRef = 30EDC2671CA2B50500CFEB5B /* HttpUtil.m */; };
/* End PBXBuildFile section */

/* Begin PBXFileReference section */
		30EDC2301CA2AEA400CFEB5B /* MedicationClock.app */ = {isa = PBXFileReference; explicitFileType = wrapper.application; includeInIndex = 0; path = MedicationClock.app; sourceTree = BUILT_PRODUCTS_DIR; };
		30EDC2341CA2AEA400CFEB5B /* main.m */ = {isa = PBXFileReference; lastKnownFileType = sourcecode.c.objc; path = main.m; sourceTree = "<group>"; };
		30EDC2361CA2AEA400CFEB5B /* AppDelegate.h */ = {isa = PBXFileReference; lastKnownFileType = sourcecode.c.h; path = AppDelegate.h; sourceTree = "<group>"; };
		30EDC2371CA2AEA400CFEB5B /* AppDelegate.m */ = {isa = PBXFileReference; lastKnownFileType = sourcecode.c.objc; path = AppDelegate.m; sourceTree = "<group>"; };
		30EDC2401CA2AEA400CFEB5B /* MedicationClock.xcdatamodel */ = {isa = PBXFileReference; lastKnownFileType = wrapper.xcdatamodel; path = MedicationClock.xcdatamodel; sourceTree = "<group>"; };
		30EDC2421CA2AEA400CFEB5B /* Assets.xcassets */ = {isa = PBXFileReference; lastKnownFileType = folder.assetcatalog; path = Assets.xcassets; sourceTree = "<group>"; };
		30EDC2451CA2AEA400CFEB5B /* Base */ = {isa = PBXFileReference; lastKnownFileType = file.storyboard; name = Base; path = Base.lproj/LaunchScreen.storyboard; sourceTree = "<group>"; };
		30EDC2471CA2AEA400CFEB5B /* Info.plist */ = {isa = PBXFileReference; lastKnownFileType = text.plist.xml; path = Info.plist; sourceTree = "<group>"; };
		30EDC24F1CA2AF9000CFEB5B /* LoginViewController.h */ = {isa = PBXFileReference; fileEncoding = 4; lastKnownFileType = sourcecode.c.h; path = LoginViewController.h; sourceTree = "<group>"; };
		30EDC2501CA2AF9000CFEB5B /* LoginViewController.m */ = {isa = PBXFileReference; fileEncoding = 4; lastKnownFileType = sourcecode.c.objc; path = LoginViewController.m; sourceTree = "<group>"; };
		30EDC2511CA2AF9000CFEB5B /* LoginViewController.xib */ = {isa = PBXFileReference; fileEncoding = 4; lastKnownFileType = file.xib; path = LoginViewController.xib; sourceTree = "<group>"; };
		30EDC2551CA2AFF400CFEB5B /* BaseViewController.h */ = {isa = PBXFileReference; fileEncoding = 4; lastKnownFileType = sourcecode.c.h; path = BaseViewController.h; sourceTree = "<group>"; };
		30EDC2561CA2AFF400CFEB5B /* BaseViewController.m */ = {isa = PBXFileReference; fileEncoding = 4; lastKnownFileType = sourcecode.c.objc; path = BaseViewController.m; sourceTree = "<group>"; };
		30EDC2591CA2B02E00CFEB5B /* base.h */ = {isa = PBXFileReference; lastKnownFileType = sourcecode.c.h; path = base.h; sourceTree = "<group>"; };
		30EDC25B1CA2B41200CFEB5B /* MainViewController.h */ = {isa = PBXFileReference; fileEncoding = 4; lastKnownFileType = sourcecode.c.h; path = MainViewController.h; sourceTree = "<group>"; };
		30EDC25C1CA2B41200CFEB5B /* MainViewController.m */ = {isa = PBXFileReference; fileEncoding = 4; lastKnownFileType = sourcecode.c.objc; path = MainViewController.m; sourceTree = "<group>"; };
		30EDC25D1CA2B41200CFEB5B /* MainViewController.xib */ = {isa = PBXFileReference; fileEncoding = 4; lastKnownFileType = file.xib; path = MainViewController.xib; sourceTree = "<group>"; };
		30EDC2601CA2B42800CFEB5B /* RegistViewController.h */ = {isa = PBXFileReference; fileEncoding = 4; lastKnownFileType = sourcecode.c.h; path = RegistViewController.h; sourceTree = "<group>"; };
		30EDC2611CA2B42800CFEB5B /* RegistViewController.m */ = {isa = PBXFileReference; fileEncoding = 4; lastKnownFileType = sourcecode.c.objc; path = RegistViewController.m; sourceTree = "<group>"; };
		30EDC2621CA2B42800CFEB5B /* RegistViewController.xib */ = {isa = PBXFileReference; fileEncoding = 4; lastKnownFileType = file.xib; path = RegistViewController.xib; sourceTree = "<group>"; };
		30EDC2661CA2B50500CFEB5B /* HttpUtil.h */ = {isa = PBXFileReference; fileEncoding = 4; lastKnownFileType = sourcecode.c.h; path = HttpUtil.h; sourceTree = "<group>"; };
		30EDC2671CA2B50500CFEB5B /* HttpUtil.m */ = {isa = PBXFileReference; fileEncoding = 4; lastKnownFileType = sourcecode.c.objc; path = HttpUtil.m; sourceTree = "<group>"; };
/* End PBXFileReference section */

/* Begin PBXFrameworksBuildPhase section */
		30EDC22D1CA2AEA400CFEB5B /* Frameworks */ = {
			isa = PBXFrameworksBuildPhase;
			buildActionMask = 2147483647;
			files = (
			);
			runOnlyForDeploymentPostprocessing = 0;
		};
/* End PBXFrameworksBuildPhase section */

/* Begin PBXGroup section */
		30EDC2271CA2AEA400CFEB5B = {
			isa = PBXGroup;
			children = (
				30EDC2321CA2AEA400CFEB5B /* MedicationClock */,
				30EDC2311CA2AEA400CFEB5B /* Products */,
			);
			sourceTree = "<group>";
		};
		30EDC2311CA2AEA400CFEB5B /* Products */ = {
			isa = PBXGroup;
			children = (
				30EDC2301CA2AEA400CFEB5B /* MedicationClock.app */,
			);
			name = Products;
			sourceTree = "<group>";
		};
		30EDC2321CA2AEA400CFEB5B /* MedicationClock */ = {
			isa = PBXGroup;
			children = (
				30EDC25A1CA2B34400CFEB5B /* res */,
				30EDC2541CA2AF9500CFEB5B /* src */,
				30EDC2361CA2AEA400CFEB5B /* AppDelegate.h */,
				30EDC2371CA2AEA400CFEB5B /* AppDelegate.m */,
				30EDC2421CA2AEA400CFEB5B /* Assets.xcassets */,
				30EDC2441CA2AEA400CFEB5B /* LaunchScreen.storyboard */,
				30EDC2471CA2AEA400CFEB5B /* Info.plist */,
				30EDC23F1CA2AEA400CFEB5B /* MedicationClock.xcdatamodeld */,
				30EDC2331CA2AEA400CFEB5B /* Supporting Files */,
			);
			path = MedicationClock;
			sourceTree = "<group>";
		};
		30EDC2331CA2AEA400CFEB5B /* Supporting Files */ = {
			isa = PBXGroup;
			children = (
				30EDC2341CA2AEA400CFEB5B /* main.m */,
			);
			name = "Supporting Files";
			sourceTree = "<group>";
		};
		30EDC2541CA2AF9500CFEB5B /* src */ = {
			isa = PBXGroup;
			children = (
				30EDC2651CA2B4EC00CFEB5B /* utils */,
				30EDC2581CA2AFFB00CFEB5B /* base */,
				30EDC24F1CA2AF9000CFEB5B /* LoginViewController.h */,
				30EDC2501CA2AF9000CFEB5B /* LoginViewController.m */,
				30EDC2511CA2AF9000CFEB5B /* LoginViewController.xib */,
				30EDC25B1CA2B41200CFEB5B /* MainViewController.h */,
				30EDC25C1CA2B41200CFEB5B /* MainViewController.m */,
				30EDC25D1CA2B41200CFEB5B /* MainViewController.xib */,
				30EDC2601CA2B42800CFEB5B /* RegistViewController.h */,
				30EDC2611CA2B42800CFEB5B /* RegistViewController.m */,
				30EDC2621CA2B42800CFEB5B /* RegistViewController.xib */,
			);
			name = src;
			sourceTree = "<group>";
		};
		30EDC2581CA2AFFB00CFEB5B /* base */ = {
			isa = PBXGroup;
			children = (
				30EDC2551CA2AFF400CFEB5B /* BaseViewController.h */,
				30EDC2561CA2AFF400CFEB5B /* BaseViewController.m */,
				30EDC2591CA2B02E00CFEB5B /* base.h */,
			);
			name = base;
			sourceTree = "<group>";
		};
		30EDC25A1CA2B34400CFEB5B /* res */ = {
			isa = PBXGroup;
			children = (
			);
			name = res;
			sourceTree = "<group>";
		};
		30EDC2651CA2B4EC00CFEB5B /* utils */ = {
			isa = PBXGroup;
			children = (
				30EDC2661CA2B50500CFEB5B /* HttpUtil.h */,
				30EDC2671CA2B50500CFEB5B /* HttpUtil.m */,
			);
			name = utils;
			sourceTree = "<group>";
		};
/* End PBXGroup section */

/* Begin PBXNativeTarget section */
		30EDC22F1CA2AEA400CFEB5B /* MedicationClock */ = {
			isa = PBXNativeTarget;
			buildConfigurationList = 30EDC24A1CA2AEA400CFEB5B /* Build configuration list for PBXNativeTarget "MedicationClock" */;
			buildPhases = (
				30EDC22C1CA2AEA400CFEB5B /* Sources */,
				30EDC22D1CA2AEA400CFEB5B /* Frameworks */,
				30EDC22E1CA2AEA400CFEB5B /* Resources */,
			);
			buildRules = (
			);
			dependencies = (
			);
			name = MedicationClock;
			productName = MedicationClock;
			productReference = 30EDC2301CA2AEA400CFEB5B /* MedicationClock.app */;
			productType = "com.apple.product-type.application";
		};
/* End PBXNativeTarget section */

/* Begin PBXProject section */
		30EDC2281CA2AEA400CFEB5B /* Project object */ = {
			isa = PBXProject;
			attributes = {
				LastUpgradeCheck = 0730;
				ORGANIZATIONNAME = "歐陽";
				TargetAttributes = {
					30EDC22F1CA2AEA400CFEB5B = {
						CreatedOnToolsVersion = 7.3;
						DevelopmentTeam = 3T5G63BDBC;
					};
				};
			};
			buildConfigurationList = 30EDC22B1CA2AEA400CFEB5B /* Build configuration list for PBXProject "MedicationClock" */;
			compatibilityVersion = "Xcode 3.2";
			developmentRegion = English;
			hasScannedForEncodings = 0;
			knownRegions = (
				en,
				Base,
			);
			mainGroup = 30EDC2271CA2AEA400CFEB5B;
			productRefGroup = 30EDC2311CA2AEA400CFEB5B /* Products */;
			projectDirPath = "";
			projectRoot = "";
			targets = (
				30EDC22F1CA2AEA400CFEB5B /* MedicationClock */,
			);
		};
/* End PBXProject section */

/* Begin PBXResourcesBuildPhase section */
		30EDC22E1CA2AEA400CFEB5B /* Resources */ = {
			isa = PBXResourcesBuildPhase;
			buildActionMask = 2147483647;
			files = (
				30EDC2461CA2AEA400CFEB5B /* LaunchScreen.storyboard in Resources */,
				30EDC2431CA2AEA400CFEB5B /* Assets.xcassets in Resources */,
				30EDC2641CA2B42800CFEB5B /* RegistViewController.xib in Resources */,
				30EDC2531CA2AF9000CFEB5B /* LoginViewController.xib in Resources */,
				30EDC25F1CA2B41200CFEB5B /* MainViewController.xib in Resources */,
			);
			runOnlyForDeploymentPostprocessing = 0;
		};
/* End PBXResourcesBuildPhase section */

/* Begin PBXSourcesBuildPhase section */
		30EDC22C1CA2AEA400CFEB5B /* Sources */ = {
			isa = PBXSourcesBuildPhase;
			buildActionMask = 2147483647;
			files = (
				30EDC2521CA2AF9000CFEB5B /* LoginViewController.m in Sources */,
				30EDC2631CA2B42800CFEB5B /* RegistViewController.m in Sources */,
				30EDC25E1CA2B41200CFEB5B /* MainViewController.m in Sources */,
				30EDC2681CA2B50500CFEB5B /* HttpUtil.m in Sources */,
				30EDC2571CA2AFF400CFEB5B /* BaseViewController.m in Sources */,
				30EDC2411CA2AEA400CFEB5B /* MedicationClock.xcdatamodeld in Sources */,
				30EDC2381CA2AEA400CFEB5B /* AppDelegate.m in Sources */,
				30EDC2351CA2AEA400CFEB5B /* main.m in Sources */,
			);
			runOnlyForDeploymentPostprocessing = 0;
		};
/* End PBXSourcesBuildPhase section */

/* Begin PBXVariantGroup section */
		30EDC2441CA2AEA400CFEB5B /* LaunchScreen.storyboard */ = {
			isa = PBXVariantGroup;
			children = (
				30EDC2451CA2AEA400CFEB5B /* Base */,
			);
			name = LaunchScreen.storyboard;
			sourceTree = "<group>";
		};
/* End PBXVariantGroup section */

/* Begin XCBuildConfiguration section */
		30EDC2481CA2AEA400CFEB5B /* Debug */ = {
			isa = XCBuildConfiguration;
			buildSettings = {
				ALWAYS_SEARCH_USER_PATHS = NO;
				CLANG_ANALYZER_NONNULL = YES;
				CLANG_CXX_LANGUAGE_STANDARD = "gnu++0x";
				CLANG_CXX_LIBRARY = "libc++";
				CLANG_ENABLE_MODULES = YES;
				CLANG_ENABLE_OBJC_ARC = YES;
				CLANG_WARN_BOOL_CONVERSION = YES;
				CLANG_WARN_CONSTANT_CONVERSION = YES;
				CLANG_WARN_DIRECT_OBJC_ISA_USAGE = YES_ERROR;
				CLANG_WARN_EMPTY_BODY = YES;
				CLANG_WARN_ENUM_CONVERSION = YES;
				CLANG_WARN_INT_CONVERSION = YES;
				CLANG_WARN_OBJC_ROOT_CLASS = YES_ERROR;
				CLANG_WARN_UNREACHABLE_CODE = YES;
				CLANG_WARN__DUPLICATE_METHOD_MATCH = YES;
				"CODE_SIGN_IDENTITY[sdk=iphoneos*]" = "iPhone Developer";
				COPY_PHASE_STRIP = NO;
				DEBUG_INFORMATION_FORMAT = dwarf;
				ENABLE_STRICT_OBJC_MSGSEND = YES;
				ENABLE_TESTABILITY = YES;
				GCC_C_LANGUAGE_STANDARD = gnu99;
				GCC_DYNAMIC_NO_PIC = NO;
				GCC_NO_COMMON_BLOCKS = YES;
				GCC_OPTIMIZATION_LEVEL = 0;
				GCC_PREPROCESSOR_DEFINITIONS = (
					"DEBUG=1",
					"$(inherited)",
				);
				GCC_WARN_64_TO_32_BIT_CONVERSION = YES;
				GCC_WARN_ABOUT_RETURN_TYPE = YES_ERROR;
				GCC_WARN_UNDECLARED_SELECTOR = YES;
				GCC_WARN_UNINITIALIZED_AUTOS = YES_AGGRESSIVE;
				GCC_WARN_UNUSED_FUNCTION = YES;
				GCC_WARN_UNUSED_VARIABLE = YES;
				IPHONEOS_DEPLOYMENT_TARGET = 9.3;
				MTL_ENABLE_DEBUG_INFO = YES;
				ONLY_ACTIVE_ARCH = YES;
				SDKROOT = iphoneos;
			};
			name = Debug;
		};
		30EDC2491CA2AEA400CFEB5B /* Release */ = {
			isa = XCBuildConfiguration;
			buildSettings = {
				ALWAYS_SEARCH_USER_PATHS = NO;
				CLANG_ANALYZER_NONNULL = YES;
				CLANG_CXX_LANGUAGE_STANDARD = "gnu++0x";
				CLANG_CXX_LIBRARY = "libc++";
				CLANG_ENABLE_MODULES = YES;
				CLANG_ENABLE_OBJC_ARC = YES;
				CLANG_WARN_BOOL_CONVERSION = YES;
				CLANG_WARN_CONSTANT_CONVERSION = YES;
				CLANG_WARN_DIRECT_OBJC_ISA_USAGE = YES_ERROR;
				CLANG_WARN_EMPTY_BODY = YES;
				CLANG_WARN_ENUM_CONVERSION = YES;
				CLANG_WARN_INT_CONVERSION = YES;
				CLANG_WARN_OBJC_ROOT_CLASS = YES_ERROR;
				CLANG_WARN_UNREACHABLE_CODE = YES;
				CLANG_WARN__DUPLICATE_METHOD_MATCH = YES;
				"CODE_SIGN_IDENTITY[sdk=iphoneos*]" = "iPhone Developer";
				COPY_PHASE_STRIP = NO;
				DEBUG_INFORMATION_FORMAT = "dwarf-with-dsym";
				ENABLE_NS_ASSERTIONS = NO;
				ENABLE_STRICT_OBJC_MSGSEND = YES;
				GCC_C_LANGUAGE_STANDARD = gnu99;
				GCC_NO_COMMON_BLOCKS = YES;
				GCC_WARN_64_TO_32_BIT_CONVERSION = YES;
				GCC_WARN_ABOUT_RETURN_TYPE = YES_ERROR;
				GCC_WARN_UNDECLARED_SELECTOR = YES;
				GCC_WARN_UNINITIALIZED_AUTOS = YES_AGGRESSIVE;
				GCC_WARN_UNUSED_FUNCTION = YES;
				GCC_WARN_UNUSED_VARIABLE = YES;
				IPHONEOS_DEPLOYMENT_TARGET = 9.3;
				MTL_ENABLE_DEBUG_INFO = NO;
				SDKROOT = iphoneos;
				VALIDATE_PRODUCT = YES;
			};
			name = Release;
		};
		30EDC24B1CA2AEA400CFEB5B /* Debug */ = {
			isa = XCBuildConfiguration;
			buildSettings = {
				ASSETCATALOG_COMPILER_APPICON_NAME = AppIcon;
				INFOPLIST_FILE = MedicationClock/Info.plist;
				LD_RUNPATH_SEARCH_PATHS = "$(inherited) @executable_path/Frameworks";
				PRODUCT_BUNDLE_IDENTIFIER = com.xbrjblkj.MedicationClock;
				PRODUCT_NAME = "$(TARGET_NAME)";
			};
			name = Debug;
		};
		30EDC24C1CA2AEA400CFEB5B /* Release */ = {
			isa = XCBuildConfiguration;
			buildSettings = {
				ASSETCATALOG_COMPILER_APPICON_NAME = AppIcon;
				INFOPLIST_FILE = MedicationClock/Info.plist;
				LD_RUNPATH_SEARCH_PATHS = "$(inherited) @executable_path/Frameworks";
				PRODUCT_BUNDLE_IDENTIFIER = com.xbrjblkj.MedicationClock;
				PRODUCT_NAME = "$(TARGET_NAME)";
			};
			name = Release;
		};
/* End XCBuildConfiguration section */

/* Begin XCConfigurationList section */
		30EDC22B1CA2AEA400CFEB5B /* Build configuration list for PBXProject "MedicationClock" */ = {
			isa = XCConfigurationList;
			buildConfigurations = (
				30EDC2481CA2AEA400CFEB5B /* Debug */,
				30EDC2491CA2AEA400CFEB5B /* Release */,
			);
			defaultConfigurationIsVisible = 0;
			defaultConfigurationName = Release;
		};
		30EDC24A1CA2AEA400CFEB5B /* Build configuration list for PBXNativeTarget "MedicationClock" */ = {
			isa = XCConfigurationList;
			buildConfigurations = (
				30EDC24B1CA2AEA400CFEB5B /* Debug */,
				30EDC24C1CA2AEA400CFEB5B /* Release */,
			);
			defaultConfigurationIsVisible = 0;
		};
/* End XCConfigurationList section */

/* Begin XCVersionGroup section */
		30EDC23F1CA2AEA400CFEB5B /* MedicationClock.xcdatamodeld */ = {
			isa = XCVersionGroup;
			children = (
				30EDC2401CA2AEA400CFEB5B /* MedicationClock.xcdatamodel */,
			);
			currentVersion = 30EDC2401CA2AEA400CFEB5B /* MedicationClock.xcdatamodel */;
			path = MedicationClock.xcdatamodeld;
			sourceTree = "<group>";
			versionGroupType = wrapper.xcdatamodel;
		};
/* End XCVersionGroup section */
	};
	rootObject = 30EDC2281CA2AEA400CFEB5B /* Project object */;
}
