// !$*UTF8*$!
{
	archiveVersion = 1;
	classes = {
	};
	objectVersion = 46;
	objects = {

/* Begin PBXBuildFile section */
		302C9C651C8C7CBB006F9AC4 /* HttpUtil.m in Sources */ = {isa = PBXBuildFile; fileRef = 302C9C641C8C7CBB006F9AC4 /* HttpUtil.m */; };
		30CAA2321C8B2C3D001239A0 /* main.m in Sources */ = {isa = PBXBuildFile; fileRef = 30CAA2311C8B2C3D001239A0 /* main.m */; };
/* End PBXBuildFile section */

/* Begin PBXCopyFilesBuildPhase section */
		30CAA22C1C8B2C3D001239A0 /* CopyFiles */ = {
			isa = PBXCopyFilesBuildPhase;
			buildActionMask = 2147483647;
			dstPath = /usr/share/man/man1/;
			dstSubfolderSpec = 0;
			files = (
			);
			runOnlyForDeploymentPostprocessing = 1;
		};
/* End PBXCopyFilesBuildPhase section */

/* Begin PBXFileReference section */
		302C9C631C8C7CBB006F9AC4 /* HttpUtil.h */ = {isa = PBXFileReference; fileEncoding = 4; lastKnownFileType = sourcecode.c.h; path = HttpUtil.h; sourceTree = "<group>"; };
		302C9C641C8C7CBB006F9AC4 /* HttpUtil.m */ = {isa = PBXFileReference; fileEncoding = 4; lastKnownFileType = sourcecode.c.objc; path = HttpUtil.m; sourceTree = "<group>"; };
		30CAA22E1C8B2C3D001239A0 /* TestGitHub */ = {isa = PBXFileReference; explicitFileType = "compiled.mach-o.executable"; includeInIndex = 0; path = TestGitHub; sourceTree = BUILT_PRODUCTS_DIR; };
		30CAA2311C8B2C3D001239A0 /* main.m */ = {isa = PBXFileReference; lastKnownFileType = sourcecode.c.objc; path = main.m; sourceTree = "<group>"; };
/* End PBXFileReference section */

/* Begin PBXFrameworksBuildPhase section */
		30CAA22B1C8B2C3D001239A0 /* Frameworks */ = {
			isa = PBXFrameworksBuildPhase;
			buildActionMask = 2147483647;
			files = (
			);
			runOnlyForDeploymentPostprocessing = 0;
		};
/* End PBXFrameworksBuildPhase section */

/* Begin PBXGroup section */
		302C9C621C8C7C9B006F9AC4 /* Utils */ = {
			isa = PBXGroup;
			children = (
				302C9C631C8C7CBB006F9AC4 /* HttpUtil.h */,
				302C9C641C8C7CBB006F9AC4 /* HttpUtil.m */,
			);
			name = Utils;
			sourceTree = "<group>";
		};
		30CAA2251C8B2C3D001239A0 = {
			isa = PBXGroup;
			children = (
				30CAA2301C8B2C3D001239A0 /* TestGitHub */,
				30CAA22F1C8B2C3D001239A0 /* Products */,
			);
			sourceTree = "<group>";
		};
		30CAA22F1C8B2C3D001239A0 /* Products */ = {
			isa = PBXGroup;
			children = (
				30CAA22E1C8B2C3D001239A0 /* TestGitHub */,
			);
			name = Products;
			sourceTree = "<group>";
		};
		30CAA2301C8B2C3D001239A0 /* TestGitHub */ = {
			isa = PBXGroup;
			children = (
				30CAA2311C8B2C3D001239A0 /* main.m */,
				302C9C621C8C7C9B006F9AC4 /* Utils */,
			);
			path = TestGitHub;
			sourceTree = "<group>";
		};
/* End PBXGroup section */

/* Begin PBXNativeTarget section */
		30CAA22D1C8B2C3D001239A0 /* TestGitHub */ = {
			isa = PBXNativeTarget;
			buildConfigurationList = 30CAA2351C8B2C3D001239A0 /* Build configuration list for PBXNativeTarget "TestGitHub" */;
			buildPhases = (
				30CAA22A1C8B2C3D001239A0 /* Sources */,
				30CAA22B1C8B2C3D001239A0 /* Frameworks */,
				30CAA22C1C8B2C3D001239A0 /* CopyFiles */,
			);
			buildRules = (
			);
			dependencies = (
			);
			name = TestGitHub;
			productName = TestGitHub;
			productReference = 30CAA22E1C8B2C3D001239A0 /* TestGitHub */;
			productType = "com.apple.product-type.tool";
		};
/* End PBXNativeTarget section */

/* Begin PBXProject section */
		30CAA2261C8B2C3D001239A0 /* Project object */ = {
			isa = PBXProject;
			attributes = {
				LastUpgradeCheck = 0720;
				ORGANIZATIONNAME = "歐陽";
				TargetAttributes = {
					30CAA22D1C8B2C3D001239A0 = {
						CreatedOnToolsVersion = 7.2.1;
					};
				};
			};
			buildConfigurationList = 30CAA2291C8B2C3D001239A0 /* Build configuration list for PBXProject "TestGitHub" */;
			compatibilityVersion = "Xcode 3.2";
			developmentRegion = English;
			hasScannedForEncodings = 0;
			knownRegions = (
				en,
			);
			mainGroup = 30CAA2251C8B2C3D001239A0;
			productRefGroup = 30CAA22F1C8B2C3D001239A0 /* Products */;
			projectDirPath = "";
			projectRoot = "";
			targets = (
				30CAA22D1C8B2C3D001239A0 /* TestGitHub */,
			);
		};
/* End PBXProject section */

/* Begin PBXSourcesBuildPhase section */
		30CAA22A1C8B2C3D001239A0 /* Sources */ = {
			isa = PBXSourcesBuildPhase;
			buildActionMask = 2147483647;
			files = (
				30CAA2321C8B2C3D001239A0 /* main.m in Sources */,
				302C9C651C8C7CBB006F9AC4 /* HttpUtil.m in Sources */,
			);
			runOnlyForDeploymentPostprocessing = 0;
		};
/* End PBXSourcesBuildPhase section */

/* Begin XCBuildConfiguration section */
		30CAA2331C8B2C3D001239A0 /* Debug */ = {
			isa = XCBuildConfiguration;
			buildSettings = {
				ALWAYS_SEARCH_USER_PATHS = NO;
				CLANG_CXX_LANGUAGE_STANDARD = "gnu++0x";
				CLANG_CXX_LIBRARY = "libc++";
				CLANG_ENABLE_MODULES = YES;
				CLANG_ENABLE_OBJC_ARC = YES;
				CLANG_WARN_BOOL_CONVERSION = YES;
				CLANG_WARN_CONSTANT_CONVERSION = YES;
				CLANG_WARN_DIRECT_OBJC_ISA_USAGE = YES_ERROR;
				CLANG_WARN_EMPTY_BODY = YES;
				CLANG_WARN_ENUM_CONVERSION = YES;
				CLANG_WARN_INT_CONVERSION = YES;
				CLANG_WARN_OBJC_ROOT_CLASS = YES_ERROR;
				CLANG_WARN_UNREACHABLE_CODE = YES;
				CLANG_WARN__DUPLICATE_METHOD_MATCH = YES;
				CODE_SIGN_IDENTITY = "-";
				COPY_PHASE_STRIP = NO;
				DEBUG_INFORMATION_FORMAT = dwarf;
				ENABLE_STRICT_OBJC_MSGSEND = YES;
				ENABLE_TESTABILITY = YES;
				GCC_C_LANGUAGE_STANDARD = gnu99;
				GCC_DYNAMIC_NO_PIC = NO;
				GCC_NO_COMMON_BLOCKS = YES;
				GCC_OPTIMIZATION_LEVEL = 0;
				GCC_PREPROCESSOR_DEFINITIONS = (
					"DEBUG=1",
					"$(inherited)",
				);
				GCC_WARN_64_TO_32_BIT_CONVERSION = YES;
				GCC_WARN_ABOUT_RETURN_TYPE = YES_ERROR;
				GCC_WARN_UNDECLARED_SELECTOR = YES;
				GCC_WARN_UNINITIALIZED_AUTOS = YES_AGGRESSIVE;
				GCC_WARN_UNUSED_FUNCTION = YES;
				GCC_WARN_UNUSED_VARIABLE = YES;
				MACOSX_DEPLOYMENT_TARGET = 10.11;
				MTL_ENABLE_DEBUG_INFO = YES;
				ONLY_ACTIVE_ARCH = YES;
				SDKROOT = macosx;
			};
			name = Debug;
		};
		30CAA2341C8B2C3D001239A0 /* Release */ = {
			isa = XCBuildConfiguration;
			buildSettings = {
				ALWAYS_SEARCH_USER_PATHS = NO;
				CLANG_CXX_LANGUAGE_STANDARD = "gnu++0x";
				CLANG_CXX_LIBRARY = "libc++";
				CLANG_ENABLE_MODULES = YES;
				CLANG_ENABLE_OBJC_ARC = YES;
				CLANG_WARN_BOOL_CONVERSION = YES;
				CLANG_WARN_CONSTANT_CONVERSION = YES;
				CLANG_WARN_DIRECT_OBJC_ISA_USAGE = YES_ERROR;
				CLANG_WARN_EMPTY_BODY = YES;
				CLANG_WARN_ENUM_CONVERSION = YES;
				CLANG_WARN_INT_CONVERSION = YES;
				CLANG_WARN_OBJC_ROOT_CLASS = YES_ERROR;
				CLANG_WARN_UNREACHABLE_CODE = YES;
				CLANG_WARN__DUPLICATE_METHOD_MATCH = YES;
				CODE_SIGN_IDENTITY = "-";
				COPY_PHASE_STRIP = NO;
				DEBUG_INFORMATION_FORMAT = "dwarf-with-dsym";
				ENABLE_NS_ASSERTIONS = NO;
				ENABLE_STRICT_OBJC_MSGSEND = YES;
				GCC_C_LANGUAGE_STANDARD = gnu99;
				GCC_NO_COMMON_BLOCKS = YES;
				GCC_WARN_64_TO_32_BIT_CONVERSION = YES;
				GCC_WARN_ABOUT_RETURN_TYPE = YES_ERROR;
				GCC_WARN_UNDECLARED_SELECTOR = YES;
				GCC_WARN_UNINITIALIZED_AUTOS = YES_AGGRESSIVE;
				GCC_WARN_UNUSED_FUNCTION = YES;
				GCC_WARN_UNUSED_VARIABLE = YES;
				MACOSX_DEPLOYMENT_TARGET = 10.11;
				MTL_ENABLE_DEBUG_INFO = NO;
				SDKROOT = macosx;
			};
			name = Release;
		};
		30CAA2361C8B2C3D001239A0 /* Debug */ = {
			isa = XCBuildConfiguration;
			buildSettings = {
				PRODUCT_NAME = "$(TARGET_NAME)";
			};
			name = Debug;
		};
		30CAA2371C8B2C3D001239A0 /* Release */ = {
			isa = XCBuildConfiguration;
			buildSettings = {
				PRODUCT_NAME = "$(TARGET_NAME)";
			};
			name = Release;
		};
/* End XCBuildConfiguration section */

/* Begin XCConfigurationList section */
		30CAA2291C8B2C3D001239A0 /* Build configuration list for PBXProject "TestGitHub" */ = {
			isa = XCConfigurationList;
			buildConfigurations = (
				30CAA2331C8B2C3D001239A0 /* Debug */,
				30CAA2341C8B2C3D001239A0 /* Release */,
			);
			defaultConfigurationIsVisible = 0;
			defaultConfigurationName = Release;
		};
		30CAA2351C8B2C3D001239A0 /* Build configuration list for PBXNativeTarget "TestGitHub" */ = {
			isa = XCConfigurationList;
			buildConfigurations = (
				30CAA2361C8B2C3D001239A0 /* Debug */,
				30CAA2371C8B2C3D001239A0 /* Release */,
			);
			defaultConfigurationIsVisible = 0;
			defaultConfigurationName = Release;
		};
/* End XCConfigurationList section */
	};
	rootObject = 30CAA2261C8B2C3D001239A0 /* Project object */;
}
